
Microsoft Visual Studio Solution File, Format Version 12.00
# Visual Studio Version 16
VisualStudioVersion = 16.0.30128.74
MinimumVisualStudioVersion = 10.0.40219.1
Project("{FAE04EC0-301F-11D3-BF4B-00C04F79EFBC}") = "GroupDocs.Redaction.Examples.CSharp.Framework", "GroupDocs.Redaction.Examples.CSharp.Framework\GroupDocs.Redaction.Examples.CSharp.Framework.csproj", "{19390288-4210-4696-A7DE-7996AB8B0527}"
EndProject
Project("{D954291E-2A0B-460D-934E-DC6B0785DB48}") = "GroupDocs.Redaction.Examples.CSharp", "GroupDocs.Redaction.Examples.CSharp\GroupDocs.Redaction.Examples.CSharp.shproj", "{E37F6428-B9E3-4005-A40F-6909FD0E7CE6}"
EndProject
Project("{9A19103F-16F7-4668-BE54-9A1E7A4F7556}") = "GroupDocs.Redaction.Examples.CSharp.Core", "GroupDocs.Redaction.Examples.CSharp.Core\GroupDocs.Redaction.Examples.CSharp.Core.csproj", "{921DD3A4-3FA4-4B94-9C40-B0C2B5980CEA}"
EndProject
Global
	GlobalSection(SharedMSBuildProjectFiles) = preSolution
		GroupDocs.Redaction.Examples.CSharp\GroupDocs.Redaction.Examples.CSharp.projitems*{19390288-4210-4696-a7de-7996ab8b0527}*SharedItemsImports = 4
		GroupDocs.Redaction.Examples.CSharp\GroupDocs.Redaction.Examples.CSharp.projitems*{921dd3a4-3fa4-4b94-9c40-b0c2b5980cea}*SharedItemsImports = 5
		GroupDocs.Redaction.Examples.CSharp\GroupDocs.Redaction.Examples.CSharp.projitems*{e37f6428-b9e3-4005-a40f-6909fd0e7ce6}*SharedItemsImports = 13
	EndGlobalSection
	GlobalSection(SolutionConfigurationPlatforms) = preSolution
		Debug|Any CPU = Debug|Any CPU
		Release|Any CPU = Release|Any CPU
	EndGlobalSection
	GlobalSection(ProjectConfigurationPlatforms) = postSolution
		{19390288-4210-4696-A7DE-7996AB8B0527}.Debug|Any CPU.ActiveCfg = Debug|Any CPU
		{19390288-4210-4696-A7DE-7996AB8B0527}.Debug|Any CPU.Build.0 = Debug|Any CPU
		{19390288-4210-4696-A7DE-7996AB8B0527}.Release|Any CPU.ActiveCfg = Release|Any CPU
		{19390288-4210-4696-A7DE-7996AB8B0527}.Release|Any CPU.Build.0 = Release|Any CPU
		{921DD3A4-3FA4-4B94-9C40-B0C2B5980CEA}.Debug|Any CPU.ActiveCfg = Debug|Any CPU
		{921DD3A4-3FA4-4B94-9C40-B0C2B5980CEA}.Debug|Any CPU.Build.0 = Debug|Any CPU
		{921DD3A4-3FA4-4B94-9C40-B0C2B5980CEA}.Release|Any CPU.ActiveCfg = Release|Any CPU
		{921DD3A4-3FA4-4B94-9C40-B0C2B5980CEA}.Release|Any CPU.Build.0 = Release|Any CPU
	EndGlobalSection
	GlobalSection(SolutionProperties) = preSolution
		HideSolutionNode = FALSE
	EndGlobalSection
	GlobalSection(ExtensibilityGlobals) = postSolution
		SolutionGuid = {8B57495E-42A7-4AC2-8F81-5B85C65F2556}
	EndGlobalSection
EndGlobal
